
Microsoft Visual Studio Solution File, Format Version 12.00
# Visual Studio Version 17
VisualStudioVersion = 17.4.33205.214
MinimumVisualStudioVersion = 10.0.40219.1
Project("{FAE04EC0-301F-11D3-BF4B-00C04F79EFBC}") = "TasksInDotnet48", "TasksInDotnet48\TasksInDotnet48.csproj", "{550DEC37-81EE-48DB-8178-05F1B3035B04}"
EndProject
Global
	GlobalSection(SolutionConfigurationPlatforms) = preSolution
		Debug|Any CPU = Debug|Any CPU
		Release|Any CPU = Release|Any CPU
	EndGlobalSection
	GlobalSection(ProjectConfigurationPlatforms) = postSolution
		{550DEC37-81EE-48DB-8178-05F1B3035B04}.Debug|Any CPU.ActiveCfg = Debug|Any CPU
		{550DEC37-81EE-48DB-8178-05F1B3035B04}.Debug|Any CPU.Build.0 = Debug|Any CPU
		{550DEC37-81EE-48DB-8178-05F1B3035B04}.Release|Any CPU.ActiveCfg = Release|Any CPU
		{550DEC37-81EE-48DB-8178-05F1B3035B04}.Release|Any CPU.Build.0 = Release|Any CPU
	EndGlobalSection
	GlobalSection(SolutionProperties) = preSolution
		HideSolutionNode = FALSE
	EndGlobalSection
	GlobalSection(ExtensibilityGlobals) = postSolution
		SolutionGuid = {2C0B11CF-1ACA-4396-BEBF-C18085AC011C}
	EndGlobalSection
EndGlobal
